
Microsoft Visual Studio Solution File, Format Version 12.00
# Visual Studio 15
VisualStudioVersion = 15.0.27703.2018
MinimumVisualStudioVersion = 10.0.40219.1
Project("{FAE04EC0-301F-11D3-BF4B-00C04F79EFBC}") = "OutOfOrderGenerator", "OutOfOrderGenerator\OutOfOrderGenerator.csproj", "{CE334D8E-BCBC-410B-86E0-55A1E4619F1C}"
EndProject
Project("{54435603-DBB4-11D2-8724-00A0C9A8B90C}") = "EXCEL文件生成器", "EXCEL文件生成器\EXCEL文件生成器.vdproj", "{6B007DC3-8BE7-49E1-A72A-5A4C222EF37C}"
EndProject
Global
	GlobalSection(SolutionConfigurationPlatforms) = preSolution
		Debug|Any CPU = Debug|Any CPU
		Release|Any CPU = Release|Any CPU
	EndGlobalSection
	GlobalSection(ProjectConfigurationPlatforms) = postSolution
		{CE334D8E-BCBC-410B-86E0-55A1E4619F1C}.Debug|Any CPU.ActiveCfg = Debug|Any CPU
		{CE334D8E-BCBC-410B-86E0-55A1E4619F1C}.Debug|Any CPU.Build.0 = Debug|Any CPU
		{CE334D8E-BCBC-410B-86E0-55A1E4619F1C}.Release|Any CPU.ActiveCfg = Release|Any CPU
		{CE334D8E-BCBC-410B-86E0-55A1E4619F1C}.Release|Any CPU.Build.0 = Release|Any CPU
		{6B007DC3-8BE7-49E1-A72A-5A4C222EF37C}.Debug|Any CPU.ActiveCfg = Debug
		{6B007DC3-8BE7-49E1-A72A-5A4C222EF37C}.Release|Any CPU.ActiveCfg = Release
	EndGlobalSection
	GlobalSection(SolutionProperties) = preSolution
		HideSolutionNode = FALSE
	EndGlobalSection
	GlobalSection(ExtensibilityGlobals) = postSolution
		SolutionGuid = {CE74F5D2-D421-45AE-92E8-8BC11CCBC531}
	EndGlobalSection
EndGlobal
